
Microsoft Visual Studio Solution File, Format Version 12.00
# Visual Studio Version 17
VisualStudioVersion = 17.1.32228.430
MinimumVisualStudioVersion = 10.0.40219.1
Project("{9A19103F-16F7-4668-BE54-9A1E7A4F7556}") = "MaPremiereApplication", "MaPremiereApplication\MaPremiereApplication.csproj", "{1CB7F9CF-0FE2-43E9-9F30-8BFDB99AA7B5}"
EndProject
Project("{9A19103F-16F7-4668-BE54-9A1E7A4F7556}") = "LibraryData", "LibraryData\LibraryData.csproj", "{4CFA7ECB-0531-4772-B5DD-CA6BBBC21924}"
EndProject
Project("{9A19103F-16F7-4668-BE54-9A1E7A4F7556}") = "Library", "Library\Library.csproj", "{58A5F34F-325A-49C5-BE1C-40A582CD5580}"
EndProject
Project("{9A19103F-16F7-4668-BE54-9A1E7A4F7556}") = "Library TTD", "Tests\Library TTD.csproj", "{A0F48B28-3C5A-48A5-9856-14FE29526CE9}"
EndProject
Project("{2150E333-8FDC-42A3-9474-1A3956D46DE8}") = "MyLibrary", "MyLibrary", "{5055AFA1-1776-4C39-A679-5C997F43FBCD}"
EndProject
Project("{2150E333-8FDC-42A3-9474-1A3956D46DE8}") = "Tests", "Tests", "{0584A50F-0D52-4DE6-AB3C-550C7B3FE1E2}"
EndProject
Project("{9A19103F-16F7-4668-BE54-9A1E7A4F7556}") = "TestsExemple", "TestsExemple\TestsExemple.csproj", "{0E2FBBCF-CBD1-47A6-85B6-1A097CA47524}"
	ProjectSection(ProjectDependencies) = postProject
		{5939F6BB-927B-47F5-ACAA-CD779A5C2FF2} = {5939F6BB-927B-47F5-ACAA-CD779A5C2FF2}
	EndProjectSection
EndProject
Project("{2150E333-8FDC-42A3-9474-1A3956D46DE8}") = "ExempleCours", "ExempleCours", "{760CF31A-B8D8-4CD0-9AF1-D5BC46F68DB0}"
EndProject
Project("{9A19103F-16F7-4668-BE54-9A1E7A4F7556}") = "CalculatorExemple", "Calculator\CalculatorExemple.csproj", "{5939F6BB-927B-47F5-ACAA-CD779A5C2FF2}"
EndProject
Project("{FAE04EC0-301F-11D3-BF4B-00C04F79EFBC}") = "SpecFlowProject", "SpecFlowProject\SpecFlowProject.csproj", "{B7E1C25C-5F0E-44F8-A1E6-4073DDF85D8A}"
EndProject
Global
	GlobalSection(SolutionConfigurationPlatforms) = preSolution
		Debug|Any CPU = Debug|Any CPU
		Release|Any CPU = Release|Any CPU
	EndGlobalSection
	GlobalSection(ProjectConfigurationPlatforms) = postSolution
		{1CB7F9CF-0FE2-43E9-9F30-8BFDB99AA7B5}.Debug|Any CPU.ActiveCfg = Debug|Any CPU
		{1CB7F9CF-0FE2-43E9-9F30-8BFDB99AA7B5}.Debug|Any CPU.Build.0 = Debug|Any CPU
		{1CB7F9CF-0FE2-43E9-9F30-8BFDB99AA7B5}.Release|Any CPU.ActiveCfg = Release|Any CPU
		{1CB7F9CF-0FE2-43E9-9F30-8BFDB99AA7B5}.Release|Any CPU.Build.0 = Release|Any CPU
		{4CFA7ECB-0531-4772-B5DD-CA6BBBC21924}.Debug|Any CPU.ActiveCfg = Debug|Any CPU
		{4CFA7ECB-0531-4772-B5DD-CA6BBBC21924}.Debug|Any CPU.Build.0 = Debug|Any CPU
		{4CFA7ECB-0531-4772-B5DD-CA6BBBC21924}.Release|Any CPU.ActiveCfg = Release|Any CPU
		{4CFA7ECB-0531-4772-B5DD-CA6BBBC21924}.Release|Any CPU.Build.0 = Release|Any CPU
		{58A5F34F-325A-49C5-BE1C-40A582CD5580}.Debug|Any CPU.ActiveCfg = Debug|Any CPU
		{58A5F34F-325A-49C5-BE1C-40A582CD5580}.Debug|Any CPU.Build.0 = Debug|Any CPU
		{58A5F34F-325A-49C5-BE1C-40A582CD5580}.Release|Any CPU.ActiveCfg = Release|Any CPU
		{58A5F34F-325A-49C5-BE1C-40A582CD5580}.Release|Any CPU.Build.0 = Release|Any CPU
		{A0F48B28-3C5A-48A5-9856-14FE29526CE9}.Debug|Any CPU.ActiveCfg = Debug|Any CPU
		{A0F48B28-3C5A-48A5-9856-14FE29526CE9}.Debug|Any CPU.Build.0 = Debug|Any CPU
		{A0F48B28-3C5A-48A5-9856-14FE29526CE9}.Release|Any CPU.ActiveCfg = Release|Any CPU
		{A0F48B28-3C5A-48A5-9856-14FE29526CE9}.Release|Any CPU.Build.0 = Release|Any CPU
		{0E2FBBCF-CBD1-47A6-85B6-1A097CA47524}.Debug|Any CPU.ActiveCfg = Debug|Any CPU
		{0E2FBBCF-CBD1-47A6-85B6-1A097CA47524}.Debug|Any CPU.Build.0 = Debug|Any CPU
		{0E2FBBCF-CBD1-47A6-85B6-1A097CA47524}.Release|Any CPU.ActiveCfg = Release|Any CPU
		{0E2FBBCF-CBD1-47A6-85B6-1A097CA47524}.Release|Any CPU.Build.0 = Release|Any CPU
		{5939F6BB-927B-47F5-ACAA-CD779A5C2FF2}.Debug|Any CPU.ActiveCfg = Debug|Any CPU
		{5939F6BB-927B-47F5-ACAA-CD779A5C2FF2}.Debug|Any CPU.Build.0 = Debug|Any CPU
		{5939F6BB-927B-47F5-ACAA-CD779A5C2FF2}.Release|Any CPU.ActiveCfg = Release|Any CPU
		{5939F6BB-927B-47F5-ACAA-CD779A5C2FF2}.Release|Any CPU.Build.0 = Release|Any CPU
		{B7E1C25C-5F0E-44F8-A1E6-4073DDF85D8A}.Debug|Any CPU.ActiveCfg = Debug|Any CPU
		{B7E1C25C-5F0E-44F8-A1E6-4073DDF85D8A}.Debug|Any CPU.Build.0 = Debug|Any CPU
		{B7E1C25C-5F0E-44F8-A1E6-4073DDF85D8A}.Release|Any CPU.ActiveCfg = Release|Any CPU
		{B7E1C25C-5F0E-44F8-A1E6-4073DDF85D8A}.Release|Any CPU.Build.0 = Release|Any CPU
	EndGlobalSection
	GlobalSection(SolutionProperties) = preSolution
		HideSolutionNode = FALSE
	EndGlobalSection
	GlobalSection(NestedProjects) = preSolution
		{1CB7F9CF-0FE2-43E9-9F30-8BFDB99AA7B5} = {5055AFA1-1776-4C39-A679-5C997F43FBCD}
		{4CFA7ECB-0531-4772-B5DD-CA6BBBC21924} = {5055AFA1-1776-4C39-A679-5C997F43FBCD}
		{58A5F34F-325A-49C5-BE1C-40A582CD5580} = {5055AFA1-1776-4C39-A679-5C997F43FBCD}
		{A0F48B28-3C5A-48A5-9856-14FE29526CE9} = {0584A50F-0D52-4DE6-AB3C-550C7B3FE1E2}
		{0E2FBBCF-CBD1-47A6-85B6-1A097CA47524} = {760CF31A-B8D8-4CD0-9AF1-D5BC46F68DB0}
		{5939F6BB-927B-47F5-ACAA-CD779A5C2FF2} = {760CF31A-B8D8-4CD0-9AF1-D5BC46F68DB0}
		{B7E1C25C-5F0E-44F8-A1E6-4073DDF85D8A} = {760CF31A-B8D8-4CD0-9AF1-D5BC46F68DB0}
	EndGlobalSection
	GlobalSection(ExtensibilityGlobals) = postSolution
		SolutionGuid = {C79A4836-9980-4948-861D-18549CC78697}
	EndGlobalSection
EndGlobal
